
Microsoft Visual Studio Solution File, Format Version 12.00
# Visual Studio Version 17
VisualStudioVersion = 17.11.35312.102
MinimumVisualStudioVersion = 10.0.40219.1
Project("{FAE04EC0-301F-11D3-BF4B-00C04F79EFBC}") = "WpfAppCompareTwoExcelTool", "WpfAppCompareTwoExcelTool.csproj", "{5E488AC1-FA71-4B5B-910E-58AF0B733220}"
EndProject
Global
	GlobalSection(SolutionConfigurationPlatforms) = preSolution
		Debug|Any CPU = Debug|Any CPU
		Release|Any CPU = Release|Any CPU
	EndGlobalSection
	GlobalSection(ProjectConfigurationPlatforms) = postSolution
		{5E488AC1-FA71-4B5B-910E-58AF0B733220}.Debug|Any CPU.ActiveCfg = Debug|Any CPU
		{5E488AC1-FA71-4B5B-910E-58AF0B733220}.Debug|Any CPU.Build.0 = Debug|Any CPU
		{5E488AC1-FA71-4B5B-910E-58AF0B733220}.Release|Any CPU.ActiveCfg = Release|Any CPU
		{5E488AC1-FA71-4B5B-910E-58AF0B733220}.Release|Any CPU.Build.0 = Release|Any CPU
	EndGlobalSection
	GlobalSection(SolutionProperties) = preSolution
		HideSolutionNode = FALSE
	EndGlobalSection
	GlobalSection(ExtensibilityGlobals) = postSolution
		SolutionGuid = {7F492924-77C3-4DB4-87E5-6C5732CE38E7}
	EndGlobalSection
EndGlobal
